
Microsoft Visual Studio Solution File, Format Version 12.00
# Visual Studio Version 16
VisualStudioVersion = 16.0.30804.86
MinimumVisualStudioVersion = 10.0.40219.1
Project("{FAE04EC0-301F-11D3-BF4B-00C04F79EFBC}") = "LinksPlus", "LinksPlus.csproj", "{5FC820BD-2BF9-4C55-839E-C765E885EC78}"
EndProject
Global
	GlobalSection(SolutionConfigurationPlatforms) = preSolution
		Debug|Any CPU = Debug|Any CPU
		Release|Any CPU = Release|Any CPU
	EndGlobalSection
	GlobalSection(ProjectConfigurationPlatforms) = postSolution
		{5FC820BD-2BF9-4C55-839E-C765E885EC78}.Debug|Any CPU.ActiveCfg = Debug|Any CPU
		{5FC820BD-2BF9-4C55-839E-C765E885EC78}.Debug|Any CPU.Build.0 = Debug|Any CPU
		{5FC820BD-2BF9-4C55-839E-C765E885EC78}.Release|Any CPU.ActiveCfg = Release|Any CPU
		{5FC820BD-2BF9-4C55-839E-C765E885EC78}.Release|Any CPU.Build.0 = Release|Any CPU
	EndGlobalSection
	GlobalSection(SolutionProperties) = preSolution
		HideSolutionNode = FALSE
	EndGlobalSection
	GlobalSection(ExtensibilityGlobals) = postSolution
		SolutionGuid = {73FB7E23-27AA-47B5-BB9B-CBB7AFD47121}
	EndGlobalSection
EndGlobal
